
Microsoft Visual Studio Solution File, Format Version 12.00
# Visual Studio 15
Project("{FAE04EC0-301F-11D3-BF4B-00C04F79EFBC}") = "CityInfo.API", "CityInfo.API\CityInfo.API.csproj", "{AE4D0DA7-70D5-4874-A41B-E52BCA400DE6}"
EndProject
Global
	GlobalSection(SolutionConfigurationPlatforms) = preSolution
		Debug|Any CPU = Debug|Any CPU
		Release|Any CPU = Release|Any CPU
	EndGlobalSection
	GlobalSection(ProjectConfigurationPlatforms) = postSolution
		{AE4D0DA7-70D5-4874-A41B-E52BCA400DE6}.Debug|Any CPU.ActiveCfg = Debug|Any CPU
		{AE4D0DA7-70D5-4874-A41B-E52BCA400DE6}.Debug|Any CPU.Build.0 = Debug|Any CPU
		{AE4D0DA7-70D5-4874-A41B-E52BCA400DE6}.Release|Any CPU.ActiveCfg = Release|Any CPU
		{AE4D0DA7-70D5-4874-A41B-E52BCA400DE6}.Release|Any CPU.Build.0 = Release|Any CPU
	EndGlobalSection
EndGlobal
